// !$*UTF8*$!
{
	archiveVersion = 1;
	classes = {
	};
	objectVersion = 50;
	objects = {

/* Begin PBXBuildFile section */
		07785A65251AF34200ABD780 /* AppDelegate.swift in Sources */ = {isa = PBXBuildFile; fileRef = 07785A64251AF34200ABD780 /* AppDelegate.swift */; };
		07785A69251AF34200ABD780 /* ViewController.swift in Sources */ = {isa = PBXBuildFile; fileRef = 07785A68251AF34200ABD780 /* ViewController.swift */; };
		07785A6C251AF34200ABD780 /* Main.storyboard in Resources */ = {isa = PBXBuildFile; fileRef = 07785A6A251AF34200ABD780 /* Main.storyboard */; };
		07785A6E251AF34200ABD780 /* Assets.xcassets in Resources */ = {isa = PBXBuildFile; fileRef = 07785A6D251AF34200ABD780 /* Assets.xcassets */; };
		07785A71251AF34200ABD780 /* LaunchScreen.storyboard in Resources */ = {isa = PBXBuildFile; fileRef = 07785A6F251AF34200ABD780 /* LaunchScreen.storyboard */; };
		07785A7B251AF3FA00ABD780 /* CountingLabel.swift in Sources */ = {isa = PBXBuildFile; fileRef = 07785A7A251AF3FA00ABD780 /* CountingLabel.swift */; };
		07785A7F251B0E5C00ABD780 /* Extension.swift in Sources */ = {isa = PBXBuildFile; fileRef = 07785A7E251B0E5C00ABD780 /* Extension.swift */; };
		07785AA7251B326300ABD780 /* PageViewController.swift in Sources */ = {isa = PBXBuildFile; fileRef = 07785AA6251B326300ABD780 /* PageViewController.swift */; };
		07785AA9251B32F400ABD780 /* Page.swift in Sources */ = {isa = PBXBuildFile; fileRef = 07785AA8251B32F400ABD780 /* Page.swift */; };
		07785AAB251B33AB00ABD780 /* PageCell.swift in Sources */ = {isa = PBXBuildFile; fileRef = 07785AAA251B33AB00ABD780 /* PageCell.swift */; };
/* End PBXBuildFile section */

/* Begin PBXFileReference section */
		07785A61251AF34200ABD780 /* Animation.app */ = {isa = PBXFileReference; explicitFileType = wrapper.application; includeInIndex = 0; path = Animation.app; sourceTree = BUILT_PRODUCTS_DIR; };
		07785A64251AF34200ABD780 /* AppDelegate.swift */ = {isa = PBXFileReference; lastKnownFileType = sourcecode.swift; path = AppDelegate.swift; sourceTree = "<group>"; };
		07785A68251AF34200ABD780 /* ViewController.swift */ = {isa = PBXFileReference; lastKnownFileType = sourcecode.swift; path = ViewController.swift; sourceTree = "<group>"; };
		07785A6B251AF34200ABD780 /* Base */ = {isa = PBXFileReference; lastKnownFileType = file.storyboard; name = Base; path = Base.lproj/Main.storyboard; sourceTree = "<group>"; };
		07785A6D251AF34200ABD780 /* Assets.xcassets */ = {isa = PBXFileReference; lastKnownFileType = folder.assetcatalog; path = Assets.xcassets; sourceTree = "<group>"; };
		07785A70251AF34200ABD780 /* Base */ = {isa = PBXFileReference; lastKnownFileType = file.storyboard; name = Base; path = Base.lproj/LaunchScreen.storyboard; sourceTree = "<group>"; };
		07785A72251AF34200ABD780 /* Info.plist */ = {isa = PBXFileReference; lastKnownFileType = text.plist.xml; path = Info.plist; sourceTree = "<group>"; };
		07785A7A251AF3FA00ABD780 /* CountingLabel.swift */ = {isa = PBXFileReference; lastKnownFileType = sourcecode.swift; path = CountingLabel.swift; sourceTree = "<group>"; };
		07785A7E251B0E5C00ABD780 /* Extension.swift */ = {isa = PBXFileReference; lastKnownFileType = sourcecode.swift; path = Extension.swift; sourceTree = "<group>"; };
		07785AA6251B326300ABD780 /* PageViewController.swift */ = {isa = PBXFileReference; lastKnownFileType = sourcecode.swift; path = PageViewController.swift; sourceTree = "<group>"; };
		07785AA8251B32F400ABD780 /* Page.swift */ = {isa = PBXFileReference; lastKnownFileType = sourcecode.swift; path = Page.swift; sourceTree = "<group>"; };
		07785AAA251B33AB00ABD780 /* PageCell.swift */ = {isa = PBXFileReference; fileEncoding = 4; lastKnownFileType = sourcecode.swift; path = PageCell.swift; sourceTree = "<group>"; };
/* End PBXFileReference section */

/* Begin PBXFrameworksBuildPhase section */
		07785A5E251AF34200ABD780 /* Frameworks */ = {
			isa = PBXFrameworksBuildPhase;
			buildActionMask = 2147483647;
			files = (
			);
			runOnlyForDeploymentPostprocessing = 0;
		};
/* End PBXFrameworksBuildPhase section */

/* Begin PBXGroup section */
		07785A58251AF34100ABD780 = {
			isa = PBXGroup;
			children = (
				07785A63251AF34200ABD780 /* Animation */,
				07785A62251AF34200ABD780 /* Products */,
			);
			sourceTree = "<group>";
		};
		07785A62251AF34200ABD780 /* Products */ = {
			isa = PBXGroup;
			children = (
				07785A61251AF34200ABD780 /* Animation.app */,
			);
			name = Products;
			sourceTree = "<group>";
		};
		07785A63251AF34200ABD780 /* Animation */ = {
			isa = PBXGroup;
			children = (
				07785A64251AF34200ABD780 /* AppDelegate.swift */,
				07785A68251AF34200ABD780 /* ViewController.swift */,
				07785A6A251AF34200ABD780 /* Main.storyboard */,
				07785A6D251AF34200ABD780 /* Assets.xcassets */,
				07785A6F251AF34200ABD780 /* LaunchScreen.storyboard */,
				07785A72251AF34200ABD780 /* Info.plist */,
				07785A7A251AF3FA00ABD780 /* CountingLabel.swift */,
				07785A7E251B0E5C00ABD780 /* Extension.swift */,
				07785AAA251B33AB00ABD780 /* PageCell.swift */,
				07785AA6251B326300ABD780 /* PageViewController.swift */,
				07785AA8251B32F400ABD780 /* Page.swift */,
			);
			path = Animation;
			sourceTree = "<group>";
		};
/* End PBXGroup section */

/* Begin PBXNativeTarget section */
		07785A60251AF34200ABD780 /* Animation */ = {
			isa = PBXNativeTarget;
			buildConfigurationList = 07785A75251AF34200ABD780 /* Build configuration list for PBXNativeTarget "Animation" */;
			buildPhases = (
				07785A5D251AF34200ABD780 /* Sources */,
				07785A5E251AF34200ABD780 /* Frameworks */,
				07785A5F251AF34200ABD780 /* Resources */,
			);
			buildRules = (
			);
			dependencies = (
			);
			name = Animation;
			productName = Animation;
			productReference = 07785A61251AF34200ABD780 /* Animation.app */;
			productType = "com.apple.product-type.application";
		};
/* End PBXNativeTarget section */

/* Begin PBXProject section */
		07785A59251AF34100ABD780 /* Project object */ = {
			isa = PBXProject;
			attributes = {
				LastSwiftUpdateCheck = 1170;
				LastUpgradeCheck = 1170;
				ORGANIZATIONNAME = linshun;
				TargetAttributes = {
					07785A60251AF34200ABD780 = {
						CreatedOnToolsVersion = 11.7;
					};
				};
			};
			buildConfigurationList = 07785A5C251AF34100ABD780 /* Build configuration list for PBXProject "Animation" */;
			compatibilityVersion = "Xcode 9.3";
			developmentRegion = en;
			hasScannedForEncodings = 0;
			knownRegions = (
				en,
				Base,
			);
			mainGroup = 07785A58251AF34100ABD780;
			productRefGroup = 07785A62251AF34200ABD780 /* Products */;
			projectDirPath = "";
			projectRoot = "";
			targets = (
				07785A60251AF34200ABD780 /* Animation */,
			);
		};
/* End PBXProject section */

/* Begin PBXResourcesBuildPhase section */
		07785A5F251AF34200ABD780 /* Resources */ = {
			isa = PBXResourcesBuildPhase;
			buildActionMask = 2147483647;
			files = (
				07785A71251AF34200ABD780 /* LaunchScreen.storyboard in Resources */,
				07785A6E251AF34200ABD780 /* Assets.xcassets in Resources */,
				07785A6C251AF34200ABD780 /* Main.storyboard in Resources */,
			);
			runOnlyForDeploymentPostprocessing = 0;
		};
/* End PBXResourcesBuildPhase section */

/* Begin PBXSourcesBuildPhase section */
		07785A5D251AF34200ABD780 /* Sources */ = {
			isa = PBXSourcesBuildPhase;
			buildActionMask = 2147483647;
			files = (
				07785A7F251B0E5C00ABD780 /* Extension.swift in Sources */,
				07785A69251AF34200ABD780 /* ViewController.swift in Sources */,
				07785AA9251B32F400ABD780 /* Page.swift in Sources */,
				07785A7B251AF3FA00ABD780 /* CountingLabel.swift in Sources */,
				07785AA7251B326300ABD780 /* PageViewController.swift in Sources */,
				07785A65251AF34200ABD780 /* AppDelegate.swift in Sources */,
				07785AAB251B33AB00ABD780 /* PageCell.swift in Sources */,
			);
			runOnlyForDeploymentPostprocessing = 0;
		};
/* End PBXSourcesBuildPhase section */

/* Begin PBXVariantGroup section */
		07785A6A251AF34200ABD780 /* Main.storyboard */ = {
			isa = PBXVariantGroup;
			children = (
				07785A6B251AF34200ABD780 /* Base */,
			);
			name = Main.storyboard;
			sourceTree = "<group>";
		};
		07785A6F251AF34200ABD780 /* LaunchScreen.storyboard */ = {
			isa = PBXVariantGroup;
			children = (
				07785A70251AF34200ABD780 /* Base */,
			);
			name = LaunchScreen.storyboard;
			sourceTree = "<group>";
		};
/* End PBXVariantGroup section */

/* Begin XCBuildConfiguration section */
		07785A73251AF34200ABD780 /* Debug */ = {
			isa = XCBuildConfiguration;
			buildSettings = {
				ALWAYS_SEARCH_USER_PATHS = NO;
				CLANG_ANALYZER_NONNULL = YES;
				CLANG_ANALYZER_NUMBER_OBJECT_CONVERSION = YES_AGGRESSIVE;
				CLANG_CXX_LANGUAGE_STANDARD = "gnu++14";
				CLANG_CXX_LIBRARY = "libc++";
				CLANG_ENABLE_MODULES = YES;
				CLANG_ENABLE_OBJC_ARC = YES;
				CLANG_ENABLE_OBJC_WEAK = YES;
				CLANG_WARN_BLOCK_CAPTURE_AUTORELEASING = YES;
				CLANG_WARN_BOOL_CONVERSION = YES;
				CLANG_WARN_COMMA = YES;
				CLANG_WARN_CONSTANT_CONVERSION = YES;
				CLANG_WARN_DEPRECATED_OBJC_IMPLEMENTATIONS = YES;
				CLANG_WARN_DIRECT_OBJC_ISA_USAGE = YES_ERROR;
				CLANG_WARN_DOCUMENTATION_COMMENTS = YES;
				CLANG_WARN_EMPTY_BODY = YES;
				CLANG_WARN_ENUM_CONVERSION = YES;
				CLANG_WARN_INFINITE_RECURSION = YES;
				CLANG_WARN_INT_CONVERSION = YES;
				CLANG_WARN_NON_LITERAL_NULL_CONVERSION = YES;
				CLANG_WARN_OBJC_IMPLICIT_RETAIN_SELF = YES;
				CLANG_WARN_OBJC_LITERAL_CONVERSION = YES;
				CLANG_WARN_OBJC_ROOT_CLASS = YES_ERROR;
				CLANG_WARN_RANGE_LOOP_ANALYSIS = YES;
				CLANG_WARN_STRICT_PROTOTYPES = YES;
				CLANG_WARN_SUSPICIOUS_MOVE = YES;
				CLANG_WARN_UNGUARDED_AVAILABILITY = YES_AGGRESSIVE;
				CLANG_WARN_UNREACHABLE_CODE = YES;
				CLANG_WARN__DUPLICATE_METHOD_MATCH = YES;
				COPY_PHASE_STRIP = NO;
				DEBUG_INFORMATION_FORMAT = dwarf;
				ENABLE_STRICT_OBJC_MSGSEND = YES;
				ENABLE_TESTABILITY = YES;
				GCC_C_LANGUAGE_STANDARD = gnu11;
				GCC_DYNAMIC_NO_PIC = NO;
				GCC_NO_COMMON_BLOCKS = YES;
				GCC_OPTIMIZATION_LEVEL = 0;
				GCC_PREPROCESSOR_DEFINITIONS = (
					"DEBUG=1",
					"$(inherited)",
				);
				GCC_WARN_64_TO_32_BIT_CONVERSION = YES;
				GCC_WARN_ABOUT_RETURN_TYPE = YES_ERROR;
				GCC_WARN_UNDECLARED_SELECTOR = YES;
				GCC_WARN_UNINITIALIZED_AUTOS = YES_AGGRESSIVE;
				GCC_WARN_UNUSED_FUNCTION = YES;
				GCC_WARN_UNUSED_VARIABLE = YES;
				IPHONEOS_DEPLOYMENT_TARGET = 13.7;
				MTL_ENABLE_DEBUG_INFO = INCLUDE_SOURCE;
				MTL_FAST_MATH = YES;
				ONLY_ACTIVE_ARCH = YES;
				SDKROOT = iphoneos;
				SWIFT_ACTIVE_COMPILATION_CONDITIONS = DEBUG;
				SWIFT_OPTIMIZATION_LEVEL = "-Onone";
			};
			name = Debug;
		};
		07785A74251AF34200ABD780 /* Release */ = {
			isa = XCBuildConfiguration;
			buildSettings = {
				ALWAYS_SEARCH_USER_PATHS = NO;
				CLANG_ANALYZER_NONNULL = YES;
				CLANG_ANALYZER_NUMBER_OBJECT_CONVERSION = YES_AGGRESSIVE;
				CLANG_CXX_LANGUAGE_STANDARD = "gnu++14";
				CLANG_CXX_LIBRARY = "libc++";
				CLANG_ENABLE_MODULES = YES;
				CLANG_ENABLE_OBJC_ARC = YES;
				CLANG_ENABLE_OBJC_WEAK = YES;
				CLANG_WARN_BLOCK_CAPTURE_AUTORELEASING = YES;
				CLANG_WARN_BOOL_CONVERSION = YES;
				CLANG_WARN_COMMA = YES;
				CLANG_WARN_CONSTANT_CONVERSION = YES;
				CLANG_WARN_DEPRECATED_OBJC_IMPLEMENTATIONS = YES;
				CLANG_WARN_DIRECT_OBJC_ISA_USAGE = YES_ERROR;
				CLANG_WARN_DOCUMENTATION_COMMENTS = YES;
				CLANG_WARN_EMPTY_BODY = YES;
				CLANG_WARN_ENUM_CONVERSION = YES;
				CLANG_WARN_INFINITE_RECURSION = YES;
				CLANG_WARN_INT_CONVERSION = YES;
				CLANG_WARN_NON_LITERAL_NULL_CONVERSION = YES;
				CLANG_WARN_OBJC_IMPLICIT_RETAIN_SELF = YES;
				CLANG_WARN_OBJC_LITERAL_CONVERSION = YES;
				CLANG_WARN_OBJC_ROOT_CLASS = YES_ERROR;
				CLANG_WARN_RANGE_LOOP_ANALYSIS = YES;
				CLANG_WARN_STRICT_PROTOTYPES = YES;
				CLANG_WARN_SUSPICIOUS_MOVE = YES;
				CLANG_WARN_UNGUARDED_AVAILABILITY = YES_AGGRESSIVE;
				CLANG_WARN_UNREACHABLE_CODE = YES;
				CLANG_WARN__DUPLICATE_METHOD_MATCH = YES;
				COPY_PHASE_STRIP = NO;
				DEBUG_INFORMATION_FORMAT = "dwarf-with-dsym";
				ENABLE_NS_ASSERTIONS = NO;
				ENABLE_STRICT_OBJC_MSGSEND = YES;
				GCC_C_LANGUAGE_STANDARD = gnu11;
				GCC_NO_COMMON_BLOCKS = YES;
				GCC_WARN_64_TO_32_BIT_CONVERSION = YES;
				GCC_WARN_ABOUT_RETURN_TYPE = YES_ERROR;
				GCC_WARN_UNDECLARED_SELECTOR = YES;
				GCC_WARN_UNINITIALIZED_AUTOS = YES_AGGRESSIVE;
				GCC_WARN_UNUSED_FUNCTION = YES;
				GCC_WARN_UNUSED_VARIABLE = YES;
				IPHONEOS_DEPLOYMENT_TARGET = 13.7;
				MTL_ENABLE_DEBUG_INFO = NO;
				MTL_FAST_MATH = YES;
				SDKROOT = iphoneos;
				SWIFT_COMPILATION_MODE = wholemodule;
				SWIFT_OPTIMIZATION_LEVEL = "-O";
				VALIDATE_PRODUCT = YES;
			};
			name = Release;
		};
		07785A76251AF34200ABD780 /* Debug */ = {
			isa = XCBuildConfiguration;
			buildSettings = {
				ASSETCATALOG_COMPILER_APPICON_NAME = AppIcon;
				CODE_SIGN_IDENTITY = "Apple Development";
				CODE_SIGN_STYLE = Automatic;
				DEVELOPMENT_TEAM = 5543CP4MRT;
				INFOPLIST_FILE = Animation/Info.plist;
				IPHONEOS_DEPLOYMENT_TARGET = 9.0;
				LD_RUNPATH_SEARCH_PATHS = (
					"$(inherited)",
					"@executable_path/Frameworks",
				);
				PRODUCT_BUNDLE_IDENTIFIER = linshun.Animation;
				PRODUCT_NAME = "$(TARGET_NAME)";
				PROVISIONING_PROFILE_SPECIFIER = "";
				SWIFT_VERSION = 5.0;
				TARGETED_DEVICE_FAMILY = "1,2";
			};
			name = Debug;
		};
		07785A77251AF34200ABD780 /* Release */ = {
			isa = XCBuildConfiguration;
			buildSettings = {
				ASSETCATALOG_COMPILER_APPICON_NAME = AppIcon;
				CODE_SIGN_IDENTITY = "Apple Development";
				CODE_SIGN_STYLE = Automatic;
				DEVELOPMENT_TEAM = 5543CP4MRT;
				INFOPLIST_FILE = Animation/Info.plist;
				IPHONEOS_DEPLOYMENT_TARGET = 9.0;
				LD_RUNPATH_SEARCH_PATHS = (
					"$(inherited)",
					"@executable_path/Frameworks",
				);
				PRODUCT_BUNDLE_IDENTIFIER = linshun.Animation;
				PRODUCT_NAME = "$(TARGET_NAME)";
				PROVISIONING_PROFILE_SPECIFIER = "";
				SWIFT_VERSION = 5.0;
				TARGETED_DEVICE_FAMILY = "1,2";
			};
			name = Release;
		};
/* End XCBuildConfiguration section */

/* Begin XCConfigurationList section */
		07785A5C251AF34100ABD780 /* Build configuration list for PBXProject "Animation" */ = {
			isa = XCConfigurationList;
			buildConfigurations = (
				07785A73251AF34200ABD780 /* Debug */,
				07785A74251AF34200ABD780 /* Release */,
			);
			defaultConfigurationIsVisible = 0;
			defaultConfigurationName = Release;
		};
		07785A75251AF34200ABD780 /* Build configuration list for PBXNativeTarget "Animation" */ = {
			isa = XCConfigurationList;
			buildConfigurations = (
				07785A76251AF34200ABD780 /* Debug */,
				07785A77251AF34200ABD780 /* Release */,
			);
			defaultConfigurationIsVisible = 0;
			defaultConfigurationName = Release;
		};
/* End XCConfigurationList section */
	};
	rootObject = 07785A59251AF34100ABD780 /* Project object */;
}
